
Microsoft Visual Studio Solution File, Format Version 12.00
# Visual Studio Version 16
VisualStudioVersion = 16.0.31410.357
MinimumVisualStudioVersion = 10.0.40219.1
Project("{9A19103F-16F7-4668-BE54-9A1E7A4F7556}") = "Object Oriented Programs", "Object Oriented Programs\Object Oriented Programs.csproj", "{759B52D5-7084-4D04-AE0E-BC8760077D1E}"
EndProject
Project("{FAE04EC0-301F-11D3-BF4B-00C04F79EFBC}") = "StockAccountDataProcess", "StockAccountDataProcess\StockAccountDataProcess.csproj", "{0AB1F4F8-DD1E-41B6-9A11-542372901B82}"
EndProject
Project("{FAE04EC0-301F-11D3-BF4B-00C04F79EFBC}") = "DeckOfCards", "DeckOfCards\DeckOfCards.csproj", "{BD64454F-B3BB-4C7E-837E-58B0849ED289}"
EndProject
Global
	GlobalSection(SolutionConfigurationPlatforms) = preSolution
		Debug|Any CPU = Debug|Any CPU
		Release|Any CPU = Release|Any CPU
	EndGlobalSection
	GlobalSection(ProjectConfigurationPlatforms) = postSolution
		{759B52D5-7084-4D04-AE0E-BC8760077D1E}.Debug|Any CPU.ActiveCfg = Debug|Any CPU
		{759B52D5-7084-4D04-AE0E-BC8760077D1E}.Debug|Any CPU.Build.0 = Debug|Any CPU
		{759B52D5-7084-4D04-AE0E-BC8760077D1E}.Release|Any CPU.ActiveCfg = Release|Any CPU
		{759B52D5-7084-4D04-AE0E-BC8760077D1E}.Release|Any CPU.Build.0 = Release|Any CPU
		{0AB1F4F8-DD1E-41B6-9A11-542372901B82}.Debug|Any CPU.ActiveCfg = Debug|Any CPU
		{0AB1F4F8-DD1E-41B6-9A11-542372901B82}.Debug|Any CPU.Build.0 = Debug|Any CPU
		{0AB1F4F8-DD1E-41B6-9A11-542372901B82}.Release|Any CPU.ActiveCfg = Release|Any CPU
		{0AB1F4F8-DD1E-41B6-9A11-542372901B82}.Release|Any CPU.Build.0 = Release|Any CPU
		{BD64454F-B3BB-4C7E-837E-58B0849ED289}.Debug|Any CPU.ActiveCfg = Debug|Any CPU
		{BD64454F-B3BB-4C7E-837E-58B0849ED289}.Debug|Any CPU.Build.0 = Debug|Any CPU
		{BD64454F-B3BB-4C7E-837E-58B0849ED289}.Release|Any CPU.ActiveCfg = Release|Any CPU
		{BD64454F-B3BB-4C7E-837E-58B0849ED289}.Release|Any CPU.Build.0 = Release|Any CPU
	EndGlobalSection
	GlobalSection(SolutionProperties) = preSolution
		HideSolutionNode = FALSE
	EndGlobalSection
	GlobalSection(ExtensibilityGlobals) = postSolution
		SolutionGuid = {78A564E1-7460-4F14-AD2B-6929D67D27EF}
	EndGlobalSection
EndGlobal
